
Microsoft Visual Studio Solution File, Format Version 12.00
# Visual Studio 15
VisualStudioVersion = 15.0.27428.2027
MinimumVisualStudioVersion = 10.0.40219.1
Project("{8BC9CEB8-8B4A-11D0-8D11-00A0C91BC942}") = "DoAn2_1712834 (So lon)", "DoAn2_1712834 (So lon)\DoAn2_1712834 (So lon).vcxproj", "{F868E604-0501-4C15-833C-023AF13CE484}"
EndProject
Project("{8BC9CEB8-8B4A-11D0-8D11-00A0C91BC942}") = "DoAn2_1712834 (int thuong)", "DoAn2_1712834 (int thuong)\DoAn2_1712834 (int thuong).vcxproj", "{E63E9C92-41D9-4F77-BEEC-87227E24D47F}"
EndProject
Project("{8BC9CEB8-8B4A-11D0-8D11-00A0C91BC942}") = "Level_2", "Level_2\Level_2.vcxproj", "{5B37A335-DDD3-4084-99D7-83377A81360D}"
EndProject
Project("{8BC9CEB8-8B4A-11D0-8D11-00A0C91BC942}") = "Level_3", "Level_3\Level_3.vcxproj", "{A7E6F18F-44B7-4F55-ADDF-C2D50D8C1361}"
EndProject
Global
	GlobalSection(SolutionConfigurationPlatforms) = preSolution
		Debug|x64 = Debug|x64
		Debug|x86 = Debug|x86
		Release|x64 = Release|x64
		Release|x86 = Release|x86
	EndGlobalSection
	GlobalSection(ProjectConfigurationPlatforms) = postSolution
		{F868E604-0501-4C15-833C-023AF13CE484}.Debug|x64.ActiveCfg = Debug|x64
		{F868E604-0501-4C15-833C-023AF13CE484}.Debug|x64.Build.0 = Debug|x64
		{F868E604-0501-4C15-833C-023AF13CE484}.Debug|x86.ActiveCfg = Debug|Win32
		{F868E604-0501-4C15-833C-023AF13CE484}.Debug|x86.Build.0 = Debug|Win32
		{F868E604-0501-4C15-833C-023AF13CE484}.Release|x64.ActiveCfg = Release|x64
		{F868E604-0501-4C15-833C-023AF13CE484}.Release|x64.Build.0 = Release|x64
		{F868E604-0501-4C15-833C-023AF13CE484}.Release|x86.ActiveCfg = Release|Win32
		{F868E604-0501-4C15-833C-023AF13CE484}.Release|x86.Build.0 = Release|Win32
		{E63E9C92-41D9-4F77-BEEC-87227E24D47F}.Debug|x64.ActiveCfg = Debug|x64
		{E63E9C92-41D9-4F77-BEEC-87227E24D47F}.Debug|x64.Build.0 = Debug|x64
		{E63E9C92-41D9-4F77-BEEC-87227E24D47F}.Debug|x86.ActiveCfg = Debug|Win32
		{E63E9C92-41D9-4F77-BEEC-87227E24D47F}.Debug|x86.Build.0 = Debug|Win32
		{E63E9C92-41D9-4F77-BEEC-87227E24D47F}.Release|x64.ActiveCfg = Release|x64
		{E63E9C92-41D9-4F77-BEEC-87227E24D47F}.Release|x64.Build.0 = Release|x64
		{E63E9C92-41D9-4F77-BEEC-87227E24D47F}.Release|x86.ActiveCfg = Release|Win32
		{E63E9C92-41D9-4F77-BEEC-87227E24D47F}.Release|x86.Build.0 = Release|Win32
		{5B37A335-DDD3-4084-99D7-83377A81360D}.Debug|x64.ActiveCfg = Debug|x64
		{5B37A335-DDD3-4084-99D7-83377A81360D}.Debug|x64.Build.0 = Debug|x64
		{5B37A335-DDD3-4084-99D7-83377A81360D}.Debug|x86.ActiveCfg = Debug|Win32
		{5B37A335-DDD3-4084-99D7-83377A81360D}.Debug|x86.Build.0 = Debug|Win32
		{5B37A335-DDD3-4084-99D7-83377A81360D}.Release|x64.ActiveCfg = Release|x64
		{5B37A335-DDD3-4084-99D7-83377A81360D}.Release|x64.Build.0 = Release|x64
		{5B37A335-DDD3-4084-99D7-83377A81360D}.Release|x86.ActiveCfg = Release|Win32
		{5B37A335-DDD3-4084-99D7-83377A81360D}.Release|x86.Build.0 = Release|Win32
		{A7E6F18F-44B7-4F55-ADDF-C2D50D8C1361}.Debug|x64.ActiveCfg = Debug|x64
		{A7E6F18F-44B7-4F55-ADDF-C2D50D8C1361}.Debug|x64.Build.0 = Debug|x64
		{A7E6F18F-44B7-4F55-ADDF-C2D50D8C1361}.Debug|x86.ActiveCfg = Debug|Win32
		{A7E6F18F-44B7-4F55-ADDF-C2D50D8C1361}.Debug|x86.Build.0 = Debug|Win32
		{A7E6F18F-44B7-4F55-ADDF-C2D50D8C1361}.Release|x64.ActiveCfg = Release|x64
		{A7E6F18F-44B7-4F55-ADDF-C2D50D8C1361}.Release|x64.Build.0 = Release|x64
		{A7E6F18F-44B7-4F55-ADDF-C2D50D8C1361}.Release|x86.ActiveCfg = Release|Win32
		{A7E6F18F-44B7-4F55-ADDF-C2D50D8C1361}.Release|x86.Build.0 = Release|Win32
	EndGlobalSection
	GlobalSection(SolutionProperties) = preSolution
		HideSolutionNode = FALSE
	EndGlobalSection
	GlobalSection(ExtensibilityGlobals) = postSolution
		SolutionGuid = {98F8CC5A-4FE8-4554-AACC-85492B66D33D}
	EndGlobalSection
EndGlobal
